
Microsoft Visual Studio Solution File, Format Version 12.00
# Visual Studio Version 16
VisualStudioVersion = 16.0.30104.148
MinimumVisualStudioVersion = 10.0.40219.1
Project("{FAE04EC0-301F-11D3-BF4B-00C04F79EFBC}") = "Pool Puzzle page 263", "Pool Puzzle page 263\Pool Puzzle page 263.csproj", "{73BCC172-7788-4833-9DAD-CD231D30A983}"
EndProject
Global
	GlobalSection(SolutionConfigurationPlatforms) = preSolution
		Debug|Any CPU = Debug|Any CPU
		Release|Any CPU = Release|Any CPU
	EndGlobalSection
	GlobalSection(ProjectConfigurationPlatforms) = postSolution
		{73BCC172-7788-4833-9DAD-CD231D30A983}.Debug|Any CPU.ActiveCfg = Debug|Any CPU
		{73BCC172-7788-4833-9DAD-CD231D30A983}.Debug|Any CPU.Build.0 = Debug|Any CPU
		{73BCC172-7788-4833-9DAD-CD231D30A983}.Release|Any CPU.ActiveCfg = Release|Any CPU
		{73BCC172-7788-4833-9DAD-CD231D30A983}.Release|Any CPU.Build.0 = Release|Any CPU
	EndGlobalSection
	GlobalSection(SolutionProperties) = preSolution
		HideSolutionNode = FALSE
	EndGlobalSection
	GlobalSection(ExtensibilityGlobals) = postSolution
		SolutionGuid = {821ABCF7-DAD1-42F1-8E89-25ED20264675}
	EndGlobalSection
EndGlobal
