
Microsoft Visual Studio Solution File, Format Version 12.00
# Visual Studio Version 16
VisualStudioVersion = 16.0.30104.148
MinimumVisualStudioVersion = 10.0.40219.1
Project("{FAE04EC0-301F-11D3-BF4B-00C04F79EFBC}") = "CollectionsPluralsightKursDictionaries", "CollectionsPluralsightKursDictionaries\CollectionsPluralsightKursDictionaries.csproj", "{16208A7A-346B-41A0-8C0B-458DC4CAEFF7}"
EndProject
Global
	GlobalSection(SolutionConfigurationPlatforms) = preSolution
		Debug|Any CPU = Debug|Any CPU
		Release|Any CPU = Release|Any CPU
	EndGlobalSection
	GlobalSection(ProjectConfigurationPlatforms) = postSolution
		{16208A7A-346B-41A0-8C0B-458DC4CAEFF7}.Debug|Any CPU.ActiveCfg = Debug|Any CPU
		{16208A7A-346B-41A0-8C0B-458DC4CAEFF7}.Debug|Any CPU.Build.0 = Debug|Any CPU
		{16208A7A-346B-41A0-8C0B-458DC4CAEFF7}.Release|Any CPU.ActiveCfg = Release|Any CPU
		{16208A7A-346B-41A0-8C0B-458DC4CAEFF7}.Release|Any CPU.Build.0 = Release|Any CPU
	EndGlobalSection
	GlobalSection(SolutionProperties) = preSolution
		HideSolutionNode = FALSE
	EndGlobalSection
	GlobalSection(ExtensibilityGlobals) = postSolution
		SolutionGuid = {BE753615-FCF4-48AB-9528-21CFF9F00A05}
	EndGlobalSection
EndGlobal
