
Microsoft Visual Studio Solution File, Format Version 12.00
# Visual Studio Version 16
VisualStudioVersion = 16.0.30011.22
MinimumVisualStudioVersion = 10.0.40219.1
Project("{FAE04EC0-301F-11D3-BF4B-00C04F79EFBC}") = "ch4page175", "ch4page175\ch4page175.csproj", "{257A52EA-DFAE-42AD-BD3F-E0AF08C9B47A}"
EndProject
Global
	GlobalSection(SolutionConfigurationPlatforms) = preSolution
		Debug|Any CPU = Debug|Any CPU
		Release|Any CPU = Release|Any CPU
	EndGlobalSection
	GlobalSection(ProjectConfigurationPlatforms) = postSolution
		{257A52EA-DFAE-42AD-BD3F-E0AF08C9B47A}.Debug|Any CPU.ActiveCfg = Debug|Any CPU
		{257A52EA-DFAE-42AD-BD3F-E0AF08C9B47A}.Debug|Any CPU.Build.0 = Debug|Any CPU
		{257A52EA-DFAE-42AD-BD3F-E0AF08C9B47A}.Release|Any CPU.ActiveCfg = Release|Any CPU
		{257A52EA-DFAE-42AD-BD3F-E0AF08C9B47A}.Release|Any CPU.Build.0 = Release|Any CPU
	EndGlobalSection
	GlobalSection(SolutionProperties) = preSolution
		HideSolutionNode = FALSE
	EndGlobalSection
	GlobalSection(ExtensibilityGlobals) = postSolution
		SolutionGuid = {27D49F7E-B6EE-4C44-935C-64049E2E9B1E}
	EndGlobalSection
EndGlobal
