
Microsoft Visual Studio Solution File, Format Version 12.00
# Visual Studio Version 16
VisualStudioVersion = 16.0.30011.22
MinimumVisualStudioVersion = 10.0.40219.1
Project("{FAE04EC0-301F-11D3-BF4B-00C04F79EFBC}") = "DayAtTheRaces", "DayAtTheRaces\DayAtTheRaces.csproj", "{7234AAB8-82CF-4F29-B105-F09A33FCB23F}"
EndProject
Global
	GlobalSection(SolutionConfigurationPlatforms) = preSolution
		Debug|Any CPU = Debug|Any CPU
		Release|Any CPU = Release|Any CPU
	EndGlobalSection
	GlobalSection(ProjectConfigurationPlatforms) = postSolution
		{7234AAB8-82CF-4F29-B105-F09A33FCB23F}.Debug|Any CPU.ActiveCfg = Debug|Any CPU
		{7234AAB8-82CF-4F29-B105-F09A33FCB23F}.Debug|Any CPU.Build.0 = Debug|Any CPU
		{7234AAB8-82CF-4F29-B105-F09A33FCB23F}.Release|Any CPU.ActiveCfg = Release|Any CPU
		{7234AAB8-82CF-4F29-B105-F09A33FCB23F}.Release|Any CPU.Build.0 = Release|Any CPU
	EndGlobalSection
	GlobalSection(SolutionProperties) = preSolution
		HideSolutionNode = FALSE
	EndGlobalSection
	GlobalSection(ExtensibilityGlobals) = postSolution
		SolutionGuid = {5B7AAE39-DCD4-4B6C-BEDE-689652B6BE0A}
	EndGlobalSection
EndGlobal
